Microsoft Visual Studio Solution File, Format Version 11.00
# Visual Studio 2008

Project("{90DE9136-9D9D-FFD8-9621-43ACF7CEF9E5}") = "BeeWildered", "Assembly-CSharp.csproj", "{7D9A4849-5B14-5CED-E952-A20EF68A6D50}"
EndProject
Project("{90DE9136-9D9D-FFD8-9621-43ACF7CEF9E5}") = "BeeWildered", "Assembly-UnityScript.unityproj", "{30EAB32E-692E-4D1D-DCC9-F3904A2BB0EC}"
EndProject
Global
	GlobalSection(SolutionConfigurationPlatforms) = preSolution
		Debug|Any CPU = Debug|Any CPU
		Release|Any CPU = Release|Any CPU
	EndGlobalSection
	GlobalSection(ProjectConfigurationPlatforms) = postSolution
		{7D9A4849-5B14-5CED-E952-A20EF68A6D50}.Debug|Any CPU.ActiveCfg = Debug|Any CPU
		{7D9A4849-5B14-5CED-E952-A20EF68A6D50}.Debug|Any CPU.Build.0 = Debug|Any CPU
		{7D9A4849-5B14-5CED-E952-A20EF68A6D50}.Release|Any CPU.ActiveCfg = Release|Any CPU
		{7D9A4849-5B14-5CED-E952-A20EF68A6D50}.Release|Any CPU.Build.0 = Release|Any CPU
		{30EAB32E-692E-4D1D-DCC9-F3904A2BB0EC}.Debug|Any CPU.ActiveCfg = Debug|Any CPU
		{30EAB32E-692E-4D1D-DCC9-F3904A2BB0EC}.Debug|Any CPU.Build.0 = Debug|Any CPU
		{30EAB32E-692E-4D1D-DCC9-F3904A2BB0EC}.Release|Any CPU.ActiveCfg = Release|Any CPU
		{30EAB32E-692E-4D1D-DCC9-F3904A2BB0EC}.Release|Any CPU.Build.0 = Release|Any CPU
	EndGlobalSection
	GlobalSection(SolutionProperties) = preSolution
		HideSolutionNode = FALSE
	EndGlobalSection
	GlobalSection(MonoDevelopProperties) = preSolution
		StartupItem = Assembly-CSharp.csproj
	EndGlobalSection
EndGlobal
